
Microsoft Visual Studio Solution File, Format Version 12.00
Project("{FAE04EC0-301F-11D3-BF4B-00C04F79EFBC}") = "Elders.Cronus.Aspire", "Elders.Cronus.Aspire\Elders.Cronus.Aspire.csproj", "{03931C61-60DF-4CB9-A7E2-319586B8CAA0}"
EndProject
Global
	GlobalSection(SolutionConfigurationPlatforms) = preSolution
		Debug|Any CPU = Debug|Any CPU
		Release|Any CPU = Release|Any CPU
	EndGlobalSection
	GlobalSection(ProjectConfigurationPlatforms) = postSolution
		{03931C61-60DF-4CB9-A7E2-319586B8CAA0}.Debug|Any CPU.ActiveCfg = Debug|Any CPU
		{03931C61-60DF-4CB9-A7E2-319586B8CAA0}.Debug|Any CPU.Build.0 = Debug|Any CPU
		{03931C61-60DF-4CB9-A7E2-319586B8CAA0}.Release|Any CPU.ActiveCfg = Release|Any CPU
		{03931C61-60DF-4CB9-A7E2-319586B8CAA0}.Release|Any CPU.Build.0 = Release|Any CPU
	EndGlobalSection
	GlobalSection(SolutionProperties) = preSolution
		HideSolutionNode = FALSE
	EndGlobalSection
	GlobalSection(ExtensibilityGlobals) = postSolution
		SolutionGuid = {1038D359-9768-4D29-8D2A-00DDB5C3F461}
	EndGlobalSection
EndGlobal
